
Microsoft Visual Studio Solution File, Format Version 12.00
# Visual Studio Version 17
VisualStudioVersion = 17.0.31903.59
MinimumVisualStudioVersion = 10.0.40219.1
Project("{2150E333-8FDC-42A3-9474-1A3956D46DE8}") = "Esercitazioni", "Esercitazioni", "{C507AECD-0543-461F-BA00-5DB8CDF7C4A6}"
EndProject
Project("{FAE04EC0-301F-11D3-BF4B-00C04F79EFBC}") = "Prima_esercitazione", "Esercitazioni\Prima_esercitazione\Prima_esercitazione.csproj", "{3F9A2873-7537-4F7B-991A-B02EAB381892}"
EndProject
Project("{FAE04EC0-301F-11D3-BF4B-00C04F79EFBC}") = "015-fizzbuzz", "Esercitazioni\015-fizzbuzz\015-fizzbuzz.csproj", "{C7255BCB-C67C-4735-B89F-4C7E616AFE43}"
EndProject
Global
	GlobalSection(SolutionConfigurationPlatforms) = preSolution
		Debug|Any CPU = Debug|Any CPU
		Release|Any CPU = Release|Any CPU
	EndGlobalSection
	GlobalSection(SolutionProperties) = preSolution
		HideSolutionNode = FALSE
	EndGlobalSection
	GlobalSection(ProjectConfigurationPlatforms) = postSolution
		{3F9A2873-7537-4F7B-991A-B02EAB381892}.Debug|Any CPU.ActiveCfg = Debug|Any CPU
		{3F9A2873-7537-4F7B-991A-B02EAB381892}.Debug|Any CPU.Build.0 = Debug|Any CPU
		{3F9A2873-7537-4F7B-991A-B02EAB381892}.Release|Any CPU.ActiveCfg = Release|Any CPU
		{3F9A2873-7537-4F7B-991A-B02EAB381892}.Release|Any CPU.Build.0 = Release|Any CPU
		{C7255BCB-C67C-4735-B89F-4C7E616AFE43}.Debug|Any CPU.ActiveCfg = Debug|Any CPU
		{C7255BCB-C67C-4735-B89F-4C7E616AFE43}.Debug|Any CPU.Build.0 = Debug|Any CPU
		{C7255BCB-C67C-4735-B89F-4C7E616AFE43}.Release|Any CPU.ActiveCfg = Release|Any CPU
		{C7255BCB-C67C-4735-B89F-4C7E616AFE43}.Release|Any CPU.Build.0 = Release|Any CPU
	EndGlobalSection
	GlobalSection(NestedProjects) = preSolution
		{3F9A2873-7537-4F7B-991A-B02EAB381892} = {C507AECD-0543-461F-BA00-5DB8CDF7C4A6}
		{C7255BCB-C67C-4735-B89F-4C7E616AFE43} = {C507AECD-0543-461F-BA00-5DB8CDF7C4A6}
	EndGlobalSection
EndGlobal
