
Microsoft Visual Studio Solution File, Format Version 12.00
# Visual Studio Version 17
VisualStudioVersion = 17.5.002.0
MinimumVisualStudioVersion = 10.0.40219.1
Project("{9A19103F-16F7-4668-BE54-9A1E7A4F7556}") = "39-sorteggio-dadi", "39-sorteggio-dadi.csproj", "{C4112A68-4CBC-43AA-80A7-5CD46CD3FE6A}"
EndProject
Global
	GlobalSection(SolutionConfigurationPlatforms) = preSolution
		Debug|Any CPU = Debug|Any CPU
		Release|Any CPU = Release|Any CPU
	EndGlobalSection
	GlobalSection(ProjectConfigurationPlatforms) = postSolution
		{C4112A68-4CBC-43AA-80A7-5CD46CD3FE6A}.Debug|Any CPU.ActiveCfg = Debug|Any CPU
		{C4112A68-4CBC-43AA-80A7-5CD46CD3FE6A}.Debug|Any CPU.Build.0 = Debug|Any CPU
		{C4112A68-4CBC-43AA-80A7-5CD46CD3FE6A}.Release|Any CPU.ActiveCfg = Release|Any CPU
		{C4112A68-4CBC-43AA-80A7-5CD46CD3FE6A}.Release|Any CPU.Build.0 = Release|Any CPU
	EndGlobalSection
	GlobalSection(SolutionProperties) = preSolution
		HideSolutionNode = FALSE
	EndGlobalSection
	GlobalSection(ExtensibilityGlobals) = postSolution
		SolutionGuid = {D5419E53-FD8D-4A94-917A-E06DB42DDE36}
	EndGlobalSection
EndGlobal
